
Microsoft Visual Studio Solution File, Format Version 12.00
# Visual Studio 2012
Project("{8BC9CEB8-8B4A-11D0-8D11-00A0C91BC942}") = "TaoFlow", "TaoFlow\TaoFlow.vcxproj", "{225A76EE-85D0-4FF0-8394-604BAB53333A}"
EndProject
Global
	GlobalSection(SolutionConfigurationPlatforms) = preSolution
		Debug|Win32 = Debug|Win32
		Release|Win32 = Release|Win32
	EndGlobalSection
	GlobalSection(ProjectConfigurationPlatforms) = postSolution
		{225A76EE-85D0-4FF0-8394-604BAB53333A}.Debug|Win32.ActiveCfg = Debug|Win32
		{225A76EE-85D0-4FF0-8394-604BAB53333A}.Debug|Win32.Build.0 = Debug|Win32
		{225A76EE-85D0-4FF0-8394-604BAB53333A}.Release|Win32.ActiveCfg = Release|Win32
		{225A76EE-85D0-4FF0-8394-604BAB53333A}.Release|Win32.Build.0 = Release|Win32
	EndGlobalSection
	GlobalSection(SolutionProperties) = preSolution
		HideSolutionNode = FALSE
	EndGlobalSection
EndGlobal
